
Microsoft Visual Studio Solution File, Format Version 12.00
# Visual Studio Version 16
VisualStudioVersion = 16.0.30804.86
MinimumVisualStudioVersion = 10.0.40219.1
Project("{FAE04EC0-301F-11D3-BF4B-00C04F79EFBC}") = "ConsoleApp4", "ConsoleApp4\ConsoleApp4.csproj", "{BF13FABA-4821-48A4-A400-AAF673E13CF2}"
EndProject
Global
	GlobalSection(SolutionConfigurationPlatforms) = preSolution
		Debug|Any CPU = Debug|Any CPU
		Release|Any CPU = Release|Any CPU
	EndGlobalSection
	GlobalSection(ProjectConfigurationPlatforms) = postSolution
		{BF13FABA-4821-48A4-A400-AAF673E13CF2}.Debug|Any CPU.ActiveCfg = Debug|Any CPU
		{BF13FABA-4821-48A4-A400-AAF673E13CF2}.Debug|Any CPU.Build.0 = Debug|Any CPU
		{BF13FABA-4821-48A4-A400-AAF673E13CF2}.Release|Any CPU.ActiveCfg = Release|Any CPU
		{BF13FABA-4821-48A4-A400-AAF673E13CF2}.Release|Any CPU.Build.0 = Release|Any CPU
	EndGlobalSection
	GlobalSection(SolutionProperties) = preSolution
		HideSolutionNode = FALSE
	EndGlobalSection
	GlobalSection(ExtensibilityGlobals) = postSolution
		SolutionGuid = {E05180E1-5E4B-42B3-8F23-C3CF65070BD2}
	EndGlobalSection
EndGlobal
