
Microsoft Visual Studio Solution File, Format Version 12.00
# Visual Studio Version 16
VisualStudioVersion = 16.0.30804.86
MinimumVisualStudioVersion = 10.0.40219.1
Project("{FAE04EC0-301F-11D3-BF4B-00C04F79EFBC}") = "git1", "git1\git1.csproj", "{035A2AD0-4893-433A-B37A-92DD25F55D6A}"
EndProject
Global
	GlobalSection(SolutionConfigurationPlatforms) = preSolution
		Debug|Any CPU = Debug|Any CPU
		Release|Any CPU = Release|Any CPU
	EndGlobalSection
	GlobalSection(ProjectConfigurationPlatforms) = postSolution
		{035A2AD0-4893-433A-B37A-92DD25F55D6A}.Debug|Any CPU.ActiveCfg = Debug|Any CPU
		{035A2AD0-4893-433A-B37A-92DD25F55D6A}.Debug|Any CPU.Build.0 = Debug|Any CPU
		{035A2AD0-4893-433A-B37A-92DD25F55D6A}.Release|Any CPU.ActiveCfg = Release|Any CPU
		{035A2AD0-4893-433A-B37A-92DD25F55D6A}.Release|Any CPU.Build.0 = Release|Any CPU
	EndGlobalSection
	GlobalSection(SolutionProperties) = preSolution
		HideSolutionNode = FALSE
	EndGlobalSection
	GlobalSection(ExtensibilityGlobals) = postSolution
		SolutionGuid = {75A2546C-1BCE-4784-92A7-C58290C03935}
	EndGlobalSection
EndGlobal
