
Microsoft Visual Studio Solution File, Format Version 12.00
# Visual Studio Version 16
VisualStudioVersion = 16.0.30804.86
MinimumVisualStudioVersion = 10.0.40219.1
Project("{FAE04EC0-301F-11D3-BF4B-00C04F79EFBC}") = "Gitdemo", "Gitdemo\Gitdemo.csproj", "{2F5293EC-44ED-46E1-938C-5DD91215FB3F}"
EndProject
Global
	GlobalSection(SolutionConfigurationPlatforms) = preSolution
		Debug|Any CPU = Debug|Any CPU
		Release|Any CPU = Release|Any CPU
	EndGlobalSection
	GlobalSection(ProjectConfigurationPlatforms) = postSolution
		{2F5293EC-44ED-46E1-938C-5DD91215FB3F}.Debug|Any CPU.ActiveCfg = Debug|Any CPU
		{2F5293EC-44ED-46E1-938C-5DD91215FB3F}.Debug|Any CPU.Build.0 = Debug|Any CPU
		{2F5293EC-44ED-46E1-938C-5DD91215FB3F}.Release|Any CPU.ActiveCfg = Release|Any CPU
		{2F5293EC-44ED-46E1-938C-5DD91215FB3F}.Release|Any CPU.Build.0 = Release|Any CPU
	EndGlobalSection
	GlobalSection(SolutionProperties) = preSolution
		HideSolutionNode = FALSE
	EndGlobalSection
	GlobalSection(ExtensibilityGlobals) = postSolution
		SolutionGuid = {38D6A9D2-C4C4-4FB7-AB8A-F192C0FFBB86}
	EndGlobalSection
EndGlobal
